<?xml version="1.0" encoding="UTF-8"?>
<Scheme
   LastUpgradeVersion = "1300"
   version = "1.7">
   <BuildAction
      parallelizeBuildables = "YES"
      buildImplicitDependencies = "YES">
      <BuildActionEntries>
         <BuildActionEntry
            buildForTesting = "YES"
            buildForRunning = "YES"
            buildForProfiling = "YES"
            buildForArchiving = "YES"
            buildForAnalyzing = "YES">
            <BuildableReference
               BuildableIdentifier = "primary"
               BlueprintIdentifier = "33CC10EC2044A3C60003C045"
               BuildableName = "dqm_installer_flt.app"
               BlueprintName = "Runner"
               ReferencedContainer = "container:Runner.xcodeproj">
            </BuildableReference>
         </BuildActionEntry>
      </BuildActionEntries>
   </BuildAction>
   <TestAction
      buildConfiguration = "Debug"
      selectedDebuggerIdentifier = "Xcode.DebuggerFoundation.Debugger.LLDB"
      selectedLauncherIdentifier = "Xcode.DebuggerFoundation.Launcher.LLDB"
      shouldUseLaunchSchemeArgsEnv = "YES">
      <MacroExpansion>
         <BuildableReference
            BuildableIdentifier = "primary"
            BlueprintIdentifier = "33CC10EC2044A3C60003C045"
            BuildableName = "dqm_installer_flt.app"
            BlueprintName = "Runner"
            ReferencedContainer = "container:Runner.xcodeproj">
         </BuildableReference>
      </MacroExpansion>
      <Testables>
      </Testables>
   </TestAction>
   <LaunchAction
      buildConfiguration = "Debug"
      selectedDebuggerIdentifier = "Xcode.DebuggerFoundation.Debugger.LLDB"
      selectedLauncherIdentifier = "Xcode.DebuggerFoundation.Launcher.LLDB"
      launchStyle = "0"
      useCustomWorkingDirectory = "NO"
      ignoresPersistentStateOnLaunch = "NO"
      debugDocumentVersioning = "YES"
      debugServiceExtension = "internal"
      allowLocationSimulation = "YES">
      <BuildableProductRunnable
         runnableDebuggingMode = "0">
         <BuildableReference
            BuildableIdentifier = "primary"
            BlueprintIdentifier = "33CC10EC2044A3C60003C045"
            BuildableName = "dqm_installer_flt.app"
            BlueprintName = "Runner"
            ReferencedContainer = "container:Runner.xcodeproj">
         </BuildableReference>
      </BuildableProductRunnable>
   </LaunchAction>
   <ProfileAction
      buildConfiguration = "Profile"
      shouldUseLaunchSchemeArgsEnv = "YES"
      savedToolIdentifier = ""
      useCustomWorkingDirectory = "NO"
      debugDocumentVersioning = "YES">
      <BuildableProductRunnable
         runnableDebuggingMode = "0">
         <BuildableReference
            BuildableIdentifier = "primary"
            BlueprintIdentifier = "33CC10EC2044A3C60003C045"
            BuildableName = "dqm_installer_flt.app"
            BlueprintName = "Runner"
            ReferencedContainer = "container:Runner.xcodeproj">
         </BuildableReference>
      </BuildableProductRunnable>
   </ProfileAction>
   <AnalyzeAction
      buildConfiguration = "Debug">
   </AnalyzeAction>
   <ArchiveAction
      buildConfiguration = "Release"
      revealArchiveInOrganizer = "YES">
      <PostActions>
         <ExecutionAction
            ActionType = "Xcode.IDEStandardExecutionActionsCore.ExecutionActionType.ShellScriptAction">
            <ActionContent
               title = "Run Script"
               scriptText = "AC_PASSWORD=&quot;App Store Connect Profile&quot;&#10;&#10;EXPORT_UUID=`uuidgen`&#10;EXPORT_PATH=&quot;/tmp/$PRODUCT_NAME-$EXPORT_UUID&quot;&#10;APP_PATH=&quot;$EXPORT_PATH/$PRODUCT_NAME.app&quot;&#10;ZIP_PATH=&quot;$EXPORT_PATH/$PRODUCT_NAME.zip&quot;&#10;DMG_PATH=&quot;$EXPORT_PATH/${PRODUCT_NAME}_${FLUTTER_BUILD_NAME}_macos.dmg&quot;&#10;OUTPUT_DIR=&quot;$(dirname &quot;$SRCROOT&quot;)/build/macos/notarized&quot;&#10;&#10;mkdir -p &quot;$EXPORT_PATH&quot;&#10;mkdir -p &quot;$OUTPUT_DIR&quot;&#10;&#10;# Xcode doesn&apos;t show run script errors in build log.&#10;exec &gt; &quot;$EXPORT_PATH/Xcode run script.log&quot; 2&gt;&amp;1&#10;&#10;echo &quot;$APP_PATH&quot;&#10;echo &quot;$DMG_PATH&quot;&#10;&#10;/usr/bin/xcodebuild -exportArchive -archivePath &quot;$ARCHIVE_PATH&quot; -exportPath &quot;$EXPORT_PATH&quot; -exportOptionsPlist &quot;$SRCROOT/ExportOptions.plist&quot;&#10;&#10;# Create a UDIF bzip2-compressed disk image.&#10;/usr/bin/hdiutil create -srcfolder &quot;$APP_PATH&quot; -format UDBZ &quot;$DMG_PATH&quot;&#10;&#10;&quot;$DEVELOPER_BIN_DIR/notarytool&quot; submit -p &quot;$AC_PASSWORD&quot; --verbose &quot;$DMG_PATH&quot; --wait --timeout 15m --output-format plist &gt; &quot;NotarizationResponse.plist&quot;&#10;&#10;cp -r &quot;$DMG_PATH&quot; &quot;$OUTPUT_DIR&quot;&#10;">
               <EnvironmentBuildable>
                  <BuildableReference
                     BuildableIdentifier = "primary"
                     BlueprintIdentifier = "33CC10EC2044A3C60003C045"
                     BuildableName = "dqm_installer_flt.app"
                     BlueprintName = "Runner"
                     ReferencedContainer = "container:Runner.xcodeproj">
                  </BuildableReference>
               </EnvironmentBuildable>
            </ActionContent>
         </ExecutionAction>
      </PostActions>
   </ArchiveAction>
</Scheme>
